
Microsoft Visual Studio Solution File, Format Version 12.00
Project("{FAE04EC0-301F-11D3-BF4B-00C04F79EFBC}") = "TicketingServiceGrpc", "TicketingServiceGrpc\TicketingServiceGrpc.csproj", "{A1DC9233-9CDB-4F15-817F-3A1F57F6CDF6}"
EndProject
Project("{FAE04EC0-301F-11D3-BF4B-00C04F79EFBC}") = "GrpcClient", "GrpcClient\GrpcClient.csproj", "{6A0E10A7-B542-4A8D-90EA-1636D1629E8C}"
EndProject
Global
	GlobalSection(SolutionConfigurationPlatforms) = preSolution
		Debug|Any CPU = Debug|Any CPU
		Release|Any CPU = Release|Any CPU
	EndGlobalSection
	GlobalSection(ProjectConfigurationPlatforms) = postSolution
		{A1DC9233-9CDB-4F15-817F-3A1F57F6CDF6}.Debug|Any CPU.ActiveCfg = Debug|Any CPU
		{A1DC9233-9CDB-4F15-817F-3A1F57F6CDF6}.Debug|Any CPU.Build.0 = Debug|Any CPU
		{A1DC9233-9CDB-4F15-817F-3A1F57F6CDF6}.Release|Any CPU.ActiveCfg = Release|Any CPU
		{A1DC9233-9CDB-4F15-817F-3A1F57F6CDF6}.Release|Any CPU.Build.0 = Release|Any CPU
		{6A0E10A7-B542-4A8D-90EA-1636D1629E8C}.Debug|Any CPU.ActiveCfg = Debug|Any CPU
		{6A0E10A7-B542-4A8D-90EA-1636D1629E8C}.Debug|Any CPU.Build.0 = Debug|Any CPU
		{6A0E10A7-B542-4A8D-90EA-1636D1629E8C}.Release|Any CPU.ActiveCfg = Release|Any CPU
		{6A0E10A7-B542-4A8D-90EA-1636D1629E8C}.Release|Any CPU.Build.0 = Release|Any CPU
	EndGlobalSection
EndGlobal
